%{
  "kino": {:git, "https://github.com/livebook-dev/kino.git", "9c3861181d8bb3212c43243efb80baf297f7fdd1", []},
  "table": {:hex, :table, "0.1.2", "87ad1125f5b70c5dea0307aa633194083eb5182ec537efc94e96af08937e14a8", [:mix], [], "hexpm", "7e99bc7efef806315c7e65640724bf165c3061cdc5d854060f74468367065029"},
}
